
Microsoft Visual Studio Solution File, Format Version 12.00
# Visual Studio Version 16
VisualStudioVersion = 16.0.29025.244
MinimumVisualStudioVersion = 10.0.40219.1
Project("{FAE04EC0-301F-11D3-BF4B-00C04F79EFBC}") = "Allegro", "Allegro\Allegro.csproj", "{DB95F277-D8B8-4304-844C-3131A8803562}"
EndProject
Global
	GlobalSection(SolutionConfigurationPlatforms) = preSolution
		Debug|Any CPU = Debug|Any CPU
		Release|Any CPU = Release|Any CPU
	EndGlobalSection
	GlobalSection(ProjectConfigurationPlatforms) = postSolution
		{DB95F277-D8B8-4304-844C-3131A8803562}.Debug|Any CPU.ActiveCfg = Debug|Any CPU
		{DB95F277-D8B8-4304-844C-3131A8803562}.Debug|Any CPU.Build.0 = Debug|Any CPU
		{DB95F277-D8B8-4304-844C-3131A8803562}.Release|Any CPU.ActiveCfg = Release|Any CPU
		{DB95F277-D8B8-4304-844C-3131A8803562}.Release|Any CPU.Build.0 = Release|Any CPU
	EndGlobalSection
	GlobalSection(SolutionProperties) = preSolution
		HideSolutionNode = FALSE
	EndGlobalSection
	GlobalSection(ExtensibilityGlobals) = postSolution
		SolutionGuid = {AA076B81-D484-436F-AF08-C1EC428F8786}
	EndGlobalSection
EndGlobal
